
Microsoft Visual Studio Solution File, Format Version 12.00
# Visual Studio Version 17
VisualStudioVersion = 17.0.31903.59
MinimumVisualStudioVersion = 10.0.40219.1
Project("{2150E333-8FDC-42A3-9474-1A3956D46DE8}") = "Common", "Common", "{9FF79517-B1A6-4827-8146-20092121E0C6}"
EndProject
Project("{2150E333-8FDC-42A3-9474-1A3956D46DE8}") = "Shared", "Shared", "{C57F5660-42C1-4590-B8CD-6D3FB0109F41}"
EndProject
Project("{2150E333-8FDC-42A3-9474-1A3956D46DE8}") = "Presentation", "Presentation", "{2BA348AB-C903-48F4-8686-00CDBCEF3153}"
EndProject
Project("{2150E333-8FDC-42A3-9474-1A3956D46DE8}") = "Core", "Core", "{5785BFB0-AF9E-45EC-B4DE-47EF499005E1}"
EndProject
Project("{FAE04EC0-301F-11D3-BF4B-00C04F79EFBC}") = "Dot.Tool", "Dot.Tool\Dot.Tool.csproj", "{9DC0E1E8-D731-4567-83EF-605D155F7917}"
EndProject
Project("{FAE04EC0-301F-11D3-BF4B-00C04F79EFBC}") = "Dot.Language", "Dot.Language\Dot.Language.csproj", "{7EBFED32-11A4-4A0F-A25B-4413C987F94A}"
EndProject
Project("{FAE04EC0-301F-11D3-BF4B-00C04F79EFBC}") = "Dot.Domain", "Dot.Domain\Dot.Domain.csproj", "{09F3BF24-F19C-454D-B174-E2E247BC16A8}"
EndProject
Project("{FAE04EC0-301F-11D3-BF4B-00C04F79EFBC}") = "Dot.DataAccess", "Dot.DataAccess\Dot.DataAccess.csproj", "{954BA1F9-156D-4C70-AA32-2C2BE2D0F66B}"
EndProject
Project("{FAE04EC0-301F-11D3-BF4B-00C04F79EFBC}") = "Dot.BusinessLogic", "Dot.BusinessLogic\Dot.BusinessLogic.csproj", "{93BAD2E4-C580-4097-891B-8AE38A9BE78B}"
EndProject
Project("{FAE04EC0-301F-11D3-BF4B-00C04F79EFBC}") = "Dot.API", "Dot.API\Dot.API.csproj", "{A21D1A49-A488-4066-BF58-1D5905657EF4}"
EndProject
Project("{FAE04EC0-301F-11D3-BF4B-00C04F79EFBC}") = "Dot.WebApplication", "Dot.WebApplication\Dot.WebApplication.csproj", "{F032F8B3-960D-4A37-9EAB-25C983C731C0}"
EndProject
Project("{FAE04EC0-301F-11D3-BF4B-00C04F79EFBC}") = "Dot.Dashboard", "Dot.Dashboard\Dot.Dashboard.csproj", "{45C88BD6-1EBA-4DBA-A753-254F596F52EE}"
EndProject
Project("{FAE04EC0-301F-11D3-BF4B-00C04F79EFBC}") = "Dot.IoC", "Dot.IoC\Dot.IoC.csproj", "{1E9C39C4-5EB5-481B-BCAF-DF21811AD182}"
EndProject
Project("{FAE04EC0-301F-11D3-BF4B-00C04F79EFBC}") = "Dot.CDN", "Dot.CDN\Dot.CDN.csproj", "{1B96F7A6-0BCB-478D-802A-4B3E079DA0FF}"
EndProject
Project("{FAE04EC0-301F-11D3-BF4B-00C04F79EFBC}") = "Dot.Worker", "Dot.Worker\Dot.Worker.csproj", "{0E57D3EC-34AA-4271-9DE9-7191029EA855}"
EndProject
Project("{FAE04EC0-301F-11D3-BF4B-00C04F79EFBC}") = "Dot.IdentityServer", "Dot.Identity\Dot.IdentityServer.csproj", "{93AFFDB9-17C7-49BE-BB31-B77D05DCC75D}"
EndProject
Project("{2150E333-8FDC-42A3-9474-1A3956D46DE8}") = "Test", "Test", "{8D3AAD61-DE3D-484E-B8F6-A66D542EEDBA}"
EndProject
Project("{FAE04EC0-301F-11D3-BF4B-00C04F79EFBC}") = "Dot.Test", "Dot.Test\Dot.Test.csproj", "{7EA60816-450A-4ADF-95A6-703766BA1A8C}"
EndProject
Global
	GlobalSection(SolutionConfigurationPlatforms) = preSolution
		Debug|Any CPU = Debug|Any CPU
		Release|Any CPU = Release|Any CPU
	EndGlobalSection
	GlobalSection(ProjectConfigurationPlatforms) = postSolution
		{9DC0E1E8-D731-4567-83EF-605D155F7917}.Debug|Any CPU.ActiveCfg = Debug|Any CPU
		{9DC0E1E8-D731-4567-83EF-605D155F7917}.Debug|Any CPU.Build.0 = Debug|Any CPU
		{9DC0E1E8-D731-4567-83EF-605D155F7917}.Release|Any CPU.ActiveCfg = Release|Any CPU
		{9DC0E1E8-D731-4567-83EF-605D155F7917}.Release|Any CPU.Build.0 = Release|Any CPU
		{7EBFED32-11A4-4A0F-A25B-4413C987F94A}.Debug|Any CPU.ActiveCfg = Debug|Any CPU
		{7EBFED32-11A4-4A0F-A25B-4413C987F94A}.Debug|Any CPU.Build.0 = Debug|Any CPU
		{7EBFED32-11A4-4A0F-A25B-4413C987F94A}.Release|Any CPU.ActiveCfg = Release|Any CPU
		{7EBFED32-11A4-4A0F-A25B-4413C987F94A}.Release|Any CPU.Build.0 = Release|Any CPU
		{09F3BF24-F19C-454D-B174-E2E247BC16A8}.Debug|Any CPU.ActiveCfg = Debug|Any CPU
		{09F3BF24-F19C-454D-B174-E2E247BC16A8}.Debug|Any CPU.Build.0 = Debug|Any CPU
		{09F3BF24-F19C-454D-B174-E2E247BC16A8}.Release|Any CPU.ActiveCfg = Release|Any CPU
		{09F3BF24-F19C-454D-B174-E2E247BC16A8}.Release|Any CPU.Build.0 = Release|Any CPU
		{954BA1F9-156D-4C70-AA32-2C2BE2D0F66B}.Debug|Any CPU.ActiveCfg = Debug|Any CPU
		{954BA1F9-156D-4C70-AA32-2C2BE2D0F66B}.Debug|Any CPU.Build.0 = Debug|Any CPU
		{954BA1F9-156D-4C70-AA32-2C2BE2D0F66B}.Release|Any CPU.ActiveCfg = Release|Any CPU
		{954BA1F9-156D-4C70-AA32-2C2BE2D0F66B}.Release|Any CPU.Build.0 = Release|Any CPU
		{93BAD2E4-C580-4097-891B-8AE38A9BE78B}.Debug|Any CPU.ActiveCfg = Debug|Any CPU
		{93BAD2E4-C580-4097-891B-8AE38A9BE78B}.Debug|Any CPU.Build.0 = Debug|Any CPU
		{93BAD2E4-C580-4097-891B-8AE38A9BE78B}.Release|Any CPU.ActiveCfg = Release|Any CPU
		{93BAD2E4-C580-4097-891B-8AE38A9BE78B}.Release|Any CPU.Build.0 = Release|Any CPU
		{A21D1A49-A488-4066-BF58-1D5905657EF4}.Debug|Any CPU.ActiveCfg = Debug|Any CPU
		{A21D1A49-A488-4066-BF58-1D5905657EF4}.Debug|Any CPU.Build.0 = Debug|Any CPU
		{A21D1A49-A488-4066-BF58-1D5905657EF4}.Release|Any CPU.ActiveCfg = Release|Any CPU
		{A21D1A49-A488-4066-BF58-1D5905657EF4}.Release|Any CPU.Build.0 = Release|Any CPU
		{F032F8B3-960D-4A37-9EAB-25C983C731C0}.Debug|Any CPU.ActiveCfg = Debug|Any CPU
		{F032F8B3-960D-4A37-9EAB-25C983C731C0}.Debug|Any CPU.Build.0 = Debug|Any CPU
		{F032F8B3-960D-4A37-9EAB-25C983C731C0}.Release|Any CPU.ActiveCfg = Release|Any CPU
		{F032F8B3-960D-4A37-9EAB-25C983C731C0}.Release|Any CPU.Build.0 = Release|Any CPU
		{45C88BD6-1EBA-4DBA-A753-254F596F52EE}.Debug|Any CPU.ActiveCfg = Debug|Any CPU
		{45C88BD6-1EBA-4DBA-A753-254F596F52EE}.Debug|Any CPU.Build.0 = Debug|Any CPU
		{45C88BD6-1EBA-4DBA-A753-254F596F52EE}.Release|Any CPU.ActiveCfg = Release|Any CPU
		{45C88BD6-1EBA-4DBA-A753-254F596F52EE}.Release|Any CPU.Build.0 = Release|Any CPU
		{1E9C39C4-5EB5-481B-BCAF-DF21811AD182}.Debug|Any CPU.ActiveCfg = Debug|Any CPU
		{1E9C39C4-5EB5-481B-BCAF-DF21811AD182}.Debug|Any CPU.Build.0 = Debug|Any CPU
		{1E9C39C4-5EB5-481B-BCAF-DF21811AD182}.Release|Any CPU.ActiveCfg = Release|Any CPU
		{1E9C39C4-5EB5-481B-BCAF-DF21811AD182}.Release|Any CPU.Build.0 = Release|Any CPU
		{1B96F7A6-0BCB-478D-802A-4B3E079DA0FF}.Debug|Any CPU.ActiveCfg = Debug|Any CPU
		{1B96F7A6-0BCB-478D-802A-4B3E079DA0FF}.Debug|Any CPU.Build.0 = Debug|Any CPU
		{1B96F7A6-0BCB-478D-802A-4B3E079DA0FF}.Release|Any CPU.ActiveCfg = Release|Any CPU
		{1B96F7A6-0BCB-478D-802A-4B3E079DA0FF}.Release|Any CPU.Build.0 = Release|Any CPU
		{0E57D3EC-34AA-4271-9DE9-7191029EA855}.Debug|Any CPU.ActiveCfg = Debug|Any CPU
		{0E57D3EC-34AA-4271-9DE9-7191029EA855}.Debug|Any CPU.Build.0 = Debug|Any CPU
		{0E57D3EC-34AA-4271-9DE9-7191029EA855}.Release|Any CPU.ActiveCfg = Release|Any CPU
		{0E57D3EC-34AA-4271-9DE9-7191029EA855}.Release|Any CPU.Build.0 = Release|Any CPU
		{93AFFDB9-17C7-49BE-BB31-B77D05DCC75D}.Debug|Any CPU.ActiveCfg = Debug|Any CPU
		{93AFFDB9-17C7-49BE-BB31-B77D05DCC75D}.Debug|Any CPU.Build.0 = Debug|Any CPU
		{93AFFDB9-17C7-49BE-BB31-B77D05DCC75D}.Release|Any CPU.ActiveCfg = Release|Any CPU
		{93AFFDB9-17C7-49BE-BB31-B77D05DCC75D}.Release|Any CPU.Build.0 = Release|Any CPU
		{7EA60816-450A-4ADF-95A6-703766BA1A8C}.Debug|Any CPU.ActiveCfg = Debug|Any CPU
		{7EA60816-450A-4ADF-95A6-703766BA1A8C}.Debug|Any CPU.Build.0 = Debug|Any CPU
		{7EA60816-450A-4ADF-95A6-703766BA1A8C}.Release|Any CPU.ActiveCfg = Release|Any CPU
		{7EA60816-450A-4ADF-95A6-703766BA1A8C}.Release|Any CPU.Build.0 = Release|Any CPU
	EndGlobalSection
	GlobalSection(SolutionProperties) = preSolution
		HideSolutionNode = FALSE
	EndGlobalSection
	GlobalSection(NestedProjects) = preSolution
		{9DC0E1E8-D731-4567-83EF-605D155F7917} = {9FF79517-B1A6-4827-8146-20092121E0C6}
		{7EBFED32-11A4-4A0F-A25B-4413C987F94A} = {9FF79517-B1A6-4827-8146-20092121E0C6}
		{09F3BF24-F19C-454D-B174-E2E247BC16A8} = {5785BFB0-AF9E-45EC-B4DE-47EF499005E1}
		{954BA1F9-156D-4C70-AA32-2C2BE2D0F66B} = {5785BFB0-AF9E-45EC-B4DE-47EF499005E1}
		{93BAD2E4-C580-4097-891B-8AE38A9BE78B} = {5785BFB0-AF9E-45EC-B4DE-47EF499005E1}
		{A21D1A49-A488-4066-BF58-1D5905657EF4} = {2BA348AB-C903-48F4-8686-00CDBCEF3153}
		{F032F8B3-960D-4A37-9EAB-25C983C731C0} = {2BA348AB-C903-48F4-8686-00CDBCEF3153}
		{45C88BD6-1EBA-4DBA-A753-254F596F52EE} = {2BA348AB-C903-48F4-8686-00CDBCEF3153}
		{1E9C39C4-5EB5-481B-BCAF-DF21811AD182} = {C57F5660-42C1-4590-B8CD-6D3FB0109F41}
		{1B96F7A6-0BCB-478D-802A-4B3E079DA0FF} = {C57F5660-42C1-4590-B8CD-6D3FB0109F41}
		{0E57D3EC-34AA-4271-9DE9-7191029EA855} = {C57F5660-42C1-4590-B8CD-6D3FB0109F41}
		{93AFFDB9-17C7-49BE-BB31-B77D05DCC75D} = {C57F5660-42C1-4590-B8CD-6D3FB0109F41}
		{7EA60816-450A-4ADF-95A6-703766BA1A8C} = {8D3AAD61-DE3D-484E-B8F6-A66D542EEDBA}
	EndGlobalSection
	GlobalSection(ExtensibilityGlobals) = postSolution
		SolutionGuid = {E9BDE95A-4B0A-44FB-9B0F-08FD2920D2EE}
	EndGlobalSection
EndGlobal
